
Microsoft Visual Studio Solution File, Format Version 12.00
# Visual Studio Version 17
VisualStudioVersion = 17.0.31903.59
MinimumVisualStudioVersion = 10.0.40219.1
Project("{FAE04EC0-301F-11D3-BF4B-00C04F79EFBC}") = "api", "api\api.csproj", "{6EB0ED07-A602-449B-AC17-7C393D49BFAE}"
EndProject
Project("{FAE04EC0-301F-11D3-BF4B-00C04F79EFBC}") = "efscaffold", "efscaffold\efscaffold.csproj", "{24C9BE02-C2C3-4342-B55E-F436C803FB64}"
EndProject
Project("{FAE04EC0-301F-11D3-BF4B-00C04F79EFBC}") = "Tests", "Tests\Tests.csproj", "{A5FC8BF7-0A3C-49E1-AF8C-C7259AB57A40}"
EndProject
Global
	GlobalSection(SolutionConfigurationPlatforms) = preSolution
		Debug|Any CPU = Debug|Any CPU
		Debug|x64 = Debug|x64
		Debug|x86 = Debug|x86
		Release|Any CPU = Release|Any CPU
		Release|x64 = Release|x64
		Release|x86 = Release|x86
	EndGlobalSection
	GlobalSection(ProjectConfigurationPlatforms) = postSolution
		{6EB0ED07-A602-449B-AC17-7C393D49BFAE}.Debug|Any CPU.ActiveCfg = Debug|Any CPU
		{6EB0ED07-A602-449B-AC17-7C393D49BFAE}.Debug|Any CPU.Build.0 = Debug|Any CPU
		{6EB0ED07-A602-449B-AC17-7C393D49BFAE}.Debug|x64.ActiveCfg = Debug|Any CPU
		{6EB0ED07-A602-449B-AC17-7C393D49BFAE}.Debug|x64.Build.0 = Debug|Any CPU
		{6EB0ED07-A602-449B-AC17-7C393D49BFAE}.Debug|x86.ActiveCfg = Debug|Any CPU
		{6EB0ED07-A602-449B-AC17-7C393D49BFAE}.Debug|x86.Build.0 = Debug|Any CPU
		{6EB0ED07-A602-449B-AC17-7C393D49BFAE}.Release|Any CPU.ActiveCfg = Release|Any CPU
		{6EB0ED07-A602-449B-AC17-7C393D49BFAE}.Release|Any CPU.Build.0 = Release|Any CPU
		{6EB0ED07-A602-449B-AC17-7C393D49BFAE}.Release|x64.ActiveCfg = Release|Any CPU
		{6EB0ED07-A602-449B-AC17-7C393D49BFAE}.Release|x64.Build.0 = Release|Any CPU
		{6EB0ED07-A602-449B-AC17-7C393D49BFAE}.Release|x86.ActiveCfg = Release|Any CPU
		{6EB0ED07-A602-449B-AC17-7C393D49BFAE}.Release|x86.Build.0 = Release|Any CPU
		{24C9BE02-C2C3-4342-B55E-F436C803FB64}.Debug|Any CPU.ActiveCfg = Debug|Any CPU
		{24C9BE02-C2C3-4342-B55E-F436C803FB64}.Debug|Any CPU.Build.0 = Debug|Any CPU
		{24C9BE02-C2C3-4342-B55E-F436C803FB64}.Debug|x64.ActiveCfg = Debug|Any CPU
		{24C9BE02-C2C3-4342-B55E-F436C803FB64}.Debug|x64.Build.0 = Debug|Any CPU
		{24C9BE02-C2C3-4342-B55E-F436C803FB64}.Debug|x86.ActiveCfg = Debug|Any CPU
		{24C9BE02-C2C3-4342-B55E-F436C803FB64}.Debug|x86.Build.0 = Debug|Any CPU
		{24C9BE02-C2C3-4342-B55E-F436C803FB64}.Release|Any CPU.ActiveCfg = Release|Any CPU
		{24C9BE02-C2C3-4342-B55E-F436C803FB64}.Release|Any CPU.Build.0 = Release|Any CPU
		{24C9BE02-C2C3-4342-B55E-F436C803FB64}.Release|x64.ActiveCfg = Release|Any CPU
		{24C9BE02-C2C3-4342-B55E-F436C803FB64}.Release|x64.Build.0 = Release|Any CPU
		{24C9BE02-C2C3-4342-B55E-F436C803FB64}.Release|x86.ActiveCfg = Release|Any CPU
		{24C9BE02-C2C3-4342-B55E-F436C803FB64}.Release|x86.Build.0 = Release|Any CPU
		{A5FC8BF7-0A3C-49E1-AF8C-C7259AB57A40}.Debug|Any CPU.ActiveCfg = Debug|Any CPU
		{A5FC8BF7-0A3C-49E1-AF8C-C7259AB57A40}.Debug|Any CPU.Build.0 = Debug|Any CPU
		{A5FC8BF7-0A3C-49E1-AF8C-C7259AB57A40}.Debug|x64.ActiveCfg = Debug|Any CPU
		{A5FC8BF7-0A3C-49E1-AF8C-C7259AB57A40}.Debug|x64.Build.0 = Debug|Any CPU
		{A5FC8BF7-0A3C-49E1-AF8C-C7259AB57A40}.Debug|x86.ActiveCfg = Debug|Any CPU
		{A5FC8BF7-0A3C-49E1-AF8C-C7259AB57A40}.Debug|x86.Build.0 = Debug|Any CPU
		{A5FC8BF7-0A3C-49E1-AF8C-C7259AB57A40}.Release|Any CPU.ActiveCfg = Release|Any CPU
		{A5FC8BF7-0A3C-49E1-AF8C-C7259AB57A40}.Release|Any CPU.Build.0 = Release|Any CPU
		{A5FC8BF7-0A3C-49E1-AF8C-C7259AB57A40}.Release|x64.ActiveCfg = Release|Any CPU
		{A5FC8BF7-0A3C-49E1-AF8C-C7259AB57A40}.Release|x64.Build.0 = Release|Any CPU
		{A5FC8BF7-0A3C-49E1-AF8C-C7259AB57A40}.Release|x86.ActiveCfg = Release|Any CPU
		{A5FC8BF7-0A3C-49E1-AF8C-C7259AB57A40}.Release|x86.Build.0 = Release|Any CPU
	EndGlobalSection
	GlobalSection(SolutionProperties) = preSolution
		HideSolutionNode = FALSE
	EndGlobalSection
EndGlobal
